
Microsoft Visual Studio Solution File, Format Version 12.00
# Visual Studio Version 17
VisualStudioVersion = 17.11.35222.181
MinimumVisualStudioVersion = 10.0.40219.1
Project("{FAE04EC0-301F-11D3-BF4B-00C04F79EFBC}") = "hajoegyszeru_vinklarik1119", "hajoegyszeru_vinklarik1119.csproj", "{602D7663-4B67-47EA-8825-84FF795FFA93}"
EndProject
Global
	GlobalSection(SolutionConfigurationPlatforms) = preSolution
		Debug|Any CPU = Debug|Any CPU
		Release|Any CPU = Release|Any CPU
	EndGlobalSection
	GlobalSection(ProjectConfigurationPlatforms) = postSolution
		{602D7663-4B67-47EA-8825-84FF795FFA93}.Debug|Any CPU.ActiveCfg = Debug|Any CPU
		{602D7663-4B67-47EA-8825-84FF795FFA93}.Debug|Any CPU.Build.0 = Debug|Any CPU
		{602D7663-4B67-47EA-8825-84FF795FFA93}.Release|Any CPU.ActiveCfg = Release|Any CPU
		{602D7663-4B67-47EA-8825-84FF795FFA93}.Release|Any CPU.Build.0 = Release|Any CPU
	EndGlobalSection
	GlobalSection(SolutionProperties) = preSolution
		HideSolutionNode = FALSE
	EndGlobalSection
	GlobalSection(ExtensibilityGlobals) = postSolution
		SolutionGuid = {7534F9E1-25C3-4B43-9B6B-19FA97F7707A}
	EndGlobalSection
EndGlobal
